
Microsoft Visual Studio Solution File, Format Version 12.00
# Visual Studio Version 16
VisualStudioVersion = 16.0.31613.86
MinimumVisualStudioVersion = 10.0.40219.1
Project("{FAE04EC0-301F-11D3-BF4B-00C04F79EFBC}") = "FourInRowGameLogic", "FourInRowGameLogic\FourInRowGameLogic.csproj", "{927F16D0-4349-4B00-B4DF-EB8D419E41F2}"
EndProject
Project("{FAE04EC0-301F-11D3-BF4B-00C04F79EFBC}") = "FourInRowGameUI", "FourInRowGameUI\FourInRowGameUI.csproj", "{DC064781-4DA4-40B0-918C-02518F6E1526}"
EndProject
Global
	GlobalSection(SolutionConfigurationPlatforms) = preSolution
		Debug|Any CPU = Debug|Any CPU
		Release|Any CPU = Release|Any CPU
	EndGlobalSection
	GlobalSection(ProjectConfigurationPlatforms) = postSolution
		{927F16D0-4349-4B00-B4DF-EB8D419E41F2}.Debug|Any CPU.ActiveCfg = Debug|Any CPU
		{927F16D0-4349-4B00-B4DF-EB8D419E41F2}.Debug|Any CPU.Build.0 = Debug|Any CPU
		{927F16D0-4349-4B00-B4DF-EB8D419E41F2}.Release|Any CPU.ActiveCfg = Release|Any CPU
		{927F16D0-4349-4B00-B4DF-EB8D419E41F2}.Release|Any CPU.Build.0 = Release|Any CPU
		{DC064781-4DA4-40B0-918C-02518F6E1526}.Debug|Any CPU.ActiveCfg = Debug|Any CPU
		{DC064781-4DA4-40B0-918C-02518F6E1526}.Debug|Any CPU.Build.0 = Debug|Any CPU
		{DC064781-4DA4-40B0-918C-02518F6E1526}.Release|Any CPU.ActiveCfg = Release|Any CPU
		{DC064781-4DA4-40B0-918C-02518F6E1526}.Release|Any CPU.Build.0 = Release|Any CPU
	EndGlobalSection
	GlobalSection(SolutionProperties) = preSolution
		HideSolutionNode = FALSE
	EndGlobalSection
	GlobalSection(ExtensibilityGlobals) = postSolution
		SolutionGuid = {D8AA7609-827C-4236-813D-F75D9EF934B4}
	EndGlobalSection
EndGlobal
